
Microsoft Visual Studio Solution File, Format Version 12.00
# Visual Studio Version 17
VisualStudioVersion = 17.2.32602.215
MinimumVisualStudioVersion = 10.0.40219.1
Project("{FAE04EC0-301F-11D3-BF4B-00C04F79EFBC}") = "SecondGitLab", "SecondGitLab.csproj", "{848A276B-155A-4F80-9773-4D5351A72DF2}"
EndProject
Global
	GlobalSection(SolutionConfigurationPlatforms) = preSolution
		Debug|Any CPU = Debug|Any CPU
		Release|Any CPU = Release|Any CPU
	EndGlobalSection
	GlobalSection(ProjectConfigurationPlatforms) = postSolution
		{848A276B-155A-4F80-9773-4D5351A72DF2}.Debug|Any CPU.ActiveCfg = Debug|Any CPU
		{848A276B-155A-4F80-9773-4D5351A72DF2}.Debug|Any CPU.Build.0 = Debug|Any CPU
		{848A276B-155A-4F80-9773-4D5351A72DF2}.Release|Any CPU.ActiveCfg = Release|Any CPU
		{848A276B-155A-4F80-9773-4D5351A72DF2}.Release|Any CPU.Build.0 = Release|Any CPU
	EndGlobalSection
	GlobalSection(SolutionProperties) = preSolution
		HideSolutionNode = FALSE
	EndGlobalSection
	GlobalSection(ExtensibilityGlobals) = postSolution
		SolutionGuid = {6E668DF5-E80D-44A2-BEFA-A5CDA44CC021}
	EndGlobalSection
EndGlobal
